// !$*UTF8*$!
{
	archiveVersion = 1;
	classes = {
	};
	objectVersion = 56;
	objects = {

/* Begin PBXBuildFile section */
		1A5F047929B7141100A0AD04 /* Protocols.swift in Sources */ = {isa = PBXBuildFile; fileRef = 1A5F047829B7141100A0AD04 /* Protocols.swift */; };
		1A624A972938322800BC2876 /* Funcs.swift in Sources */ = {isa = PBXBuildFile; fileRef = 1A624A962938322800BC2876 /* Funcs.swift */; };
		1A624A99293CADD600BC2876 /* CorpNameCell.swift in Sources */ = {isa = PBXBuildFile; fileRef = 1A624A98293CADD600BC2876 /* CorpNameCell.swift */; };
		1A624A9B293E000500BC2876 /* ItemListTableController.swift in Sources */ = {isa = PBXBuildFile; fileRef = 1A624A9A293E000500BC2876 /* ItemListTableController.swift */; };
		1A624A9D293E021300BC2876 /* ItemListCell.swift in Sources */ = {isa = PBXBuildFile; fileRef = 1A624A9C293E021300BC2876 /* ItemListCell.swift */; };
		1A6E43A4292F8E3C00D0873B /* ColorExtension.swift in Sources */ = {isa = PBXBuildFile; fileRef = 1A6E43A3292F8E3C00D0873B /* ColorExtension.swift */; };
		1A7FDB622924EF7300474DB3 /* Maintenance.swift in Sources */ = {isa = PBXBuildFile; fileRef = 1A7FDB612924EF7300474DB3 /* Maintenance.swift */; };
		1A7FDB642924F09600474DB3 /* Insurance.swift in Sources */ = {isa = PBXBuildFile; fileRef = 1A7FDB632924F09600474DB3 /* Insurance.swift */; };
		1AAC5EEC291A41FF001CB9E2 /* SnapKit in Frameworks */ = {isa = PBXBuildFile; productRef = 1AAC5EEB291A41FF001CB9E2 /* SnapKit */; };
		1AAC5EEF291A49DF001CB9E2 /* CustomLabel.swift in Sources */ = {isa = PBXBuildFile; fileRef = 1AAC5EEE291A49DF001CB9E2 /* CustomLabel.swift */; };
		1AAC5EF7291B7EB3001CB9E2 /* SettingViewController.swift in Sources */ = {isa = PBXBuildFile; fileRef = 1AAC5EF6291B7EB3001CB9E2 /* SettingViewController.swift */; };
		1AAC5EFB291B7F51001CB9E2 /* SignAndLoginViewController.swift in Sources */ = {isa = PBXBuildFile; fileRef = 1AAC5EFA291B7F51001CB9E2 /* SignAndLoginViewController.swift */; };
		1AAC5EFD291B831F001CB9E2 /* ItemDetailViewController.swift in Sources */ = {isa = PBXBuildFile; fileRef = 1AAC5EFC291B831F001CB9E2 /* ItemDetailViewController.swift */; };
		1AAC5EFF291B833A001CB9E2 /* InsuranceDetailViewController.swift in Sources */ = {isa = PBXBuildFile; fileRef = 1AAC5EFE291B833A001CB9E2 /* InsuranceDetailViewController.swift */; };
		1AAC5F02291B8378001CB9E2 /* InsuranceEditViewController.swift in Sources */ = {isa = PBXBuildFile; fileRef = 1AAC5F01291B8378001CB9E2 /* InsuranceEditViewController.swift */; };
		1AAC5F04291B8390001CB9E2 /* AddAndEditCarViewController.swift in Sources */ = {isa = PBXBuildFile; fileRef = 1AAC5F03291B8390001CB9E2 /* AddAndEditCarViewController.swift */; };
		1AAC5F11291BC3FA001CB9E2 /* InsuranceCell.swift in Sources */ = {isa = PBXBuildFile; fileRef = 1AAC5F10291BC3FA001CB9E2 /* InsuranceCell.swift */; };
		1AAC5F13291BC47D001CB9E2 /* SettingCell.swift in Sources */ = {isa = PBXBuildFile; fileRef = 1AAC5F12291BC47D001CB9E2 /* SettingCell.swift */; };
		1AAC5F15291BC4DA001CB9E2 /* ItemDetailCell.swift in Sources */ = {isa = PBXBuildFile; fileRef = 1AAC5F14291BC4DA001CB9E2 /* ItemDetailCell.swift */; };
		1AB7893029C6F6C800414A03 /* InsuranceCorp.swift in Sources */ = {isa = PBXBuildFile; fileRef = 1AB7892F29C6F6C800414A03 /* InsuranceCorp.swift */; };
		1ACD85F329AF659A000D83A4 /* EnumList.swift in Sources */ = {isa = PBXBuildFile; fileRef = 1ACD85F229AF659A000D83A4 /* EnumList.swift */; };
		1ACD85F529B09B19000D83A4 /* CarInfoDAO.swift in Sources */ = {isa = PBXBuildFile; fileRef = 1ACD85F429B09B19000D83A4 /* CarInfoDAO.swift */; };
		1AF6C2F729110E720046DC6B /* AppDelegate.swift in Sources */ = {isa = PBXBuildFile; fileRef = 1AF6C2F629110E720046DC6B /* AppDelegate.swift */; };
		1AF6C2F929110E720046DC6B /* SceneDelegate.swift in Sources */ = {isa = PBXBuildFile; fileRef = 1AF6C2F829110E720046DC6B /* SceneDelegate.swift */; };
		1AF6C2FB29110E720046DC6B /* HomeViewController.swift in Sources */ = {isa = PBXBuildFile; fileRef = 1AF6C2FA29110E720046DC6B /* HomeViewController.swift */; };
		1AF6C2FE29110E720046DC6B /* Main.storyboard in Resources */ = {isa = PBXBuildFile; fileRef = 1AF6C2FC29110E720046DC6B /* Main.storyboard */; };
		1AF6C30129110E720046DC6B /* myCarport.xcdatamodeld in Sources */ = {isa = PBXBuildFile; fileRef = 1AF6C2FF29110E720046DC6B /* myCarport.xcdatamodeld */; };
		1AF6C30329110E730046DC6B /* Assets.xcassets in Resources */ = {isa = PBXBuildFile; fileRef = 1AF6C30229110E730046DC6B /* Assets.xcassets */; };
		1AF6C30629110E730046DC6B /* LaunchScreen.storyboard in Resources */ = {isa = PBXBuildFile; fileRef = 1AF6C30429110E730046DC6B /* LaunchScreen.storyboard */; };
		1AF6C312291134350046DC6B /* HomeTableViewCell.swift in Sources */ = {isa = PBXBuildFile; fileRef = 1AF6C311291134350046DC6B /* HomeTableViewCell.swift */; };
		1AF6C3142911FCD30046DC6B /* CarInfo.swift in Sources */ = {isa = PBXBuildFile; fileRef = 1AF6C3132911FCD30046DC6B /* CarInfo.swift */; };
		1AF6C317291243530046DC6B /* HomeCollectionViewCell.swift in Sources */ = {isa = PBXBuildFile; fileRef = 1AF6C316291243530046DC6B /* HomeCollectionViewCell.swift */; };
/* End PBXBuildFile section */

/* Begin PBXFileReference section */
		1A5F047829B7141100A0AD04 /* Protocols.swift */ = {isa = PBXFileReference; lastKnownFileType = sourcecode.swift; path = Protocols.swift; sourceTree = "<group>"; };
		1A624A962938322800BC2876 /* Funcs.swift */ = {isa = PBXFileReference; lastKnownFileType = sourcecode.swift; path = Funcs.swift; sourceTree = "<group>"; };
		1A624A98293CADD600BC2876 /* CorpNameCell.swift */ = {isa = PBXFileReference; lastKnownFileType = sourcecode.swift; path = CorpNameCell.swift; sourceTree = "<group>"; };
		1A624A9A293E000500BC2876 /* ItemListTableController.swift */ = {isa = PBXFileReference; lastKnownFileType = sourcecode.swift; path = ItemListTableController.swift; sourceTree = "<group>"; };
		1A624A9C293E021300BC2876 /* ItemListCell.swift */ = {isa = PBXFileReference; lastKnownFileType = sourcecode.swift; path = ItemListCell.swift; sourceTree = "<group>"; };
		1A6E43A3292F8E3C00D0873B /* ColorExtension.swift */ = {isa = PBXFileReference; lastKnownFileType = sourcecode.swift; path = ColorExtension.swift; sourceTree = "<group>"; };
		1A7FDB612924EF7300474DB3 /* Maintenance.swift */ = {isa = PBXFileReference; lastKnownFileType = sourcecode.swift; path = Maintenance.swift; sourceTree = "<group>"; };
		1A7FDB632924F09600474DB3 /* Insurance.swift */ = {isa = PBXFileReference; lastKnownFileType = sourcecode.swift; path = Insurance.swift; sourceTree = "<group>"; };
		1AAC5EEE291A49DF001CB9E2 /* CustomLabel.swift */ = {isa = PBXFileReference; lastKnownFileType = sourcecode.swift; path = CustomLabel.swift; sourceTree = "<group>"; };
		1AAC5EF6291B7EB3001CB9E2 /* SettingViewController.swift */ = {isa = PBXFileReference; lastKnownFileType = sourcecode.swift; path = SettingViewController.swift; sourceTree = "<group>"; };
		1AAC5EFA291B7F51001CB9E2 /* SignAndLoginViewController.swift */ = {isa = PBXFileReference; lastKnownFileType = sourcecode.swift; path = SignAndLoginViewController.swift; sourceTree = "<group>"; };
		1AAC5EFC291B831F001CB9E2 /* ItemDetailViewController.swift */ = {isa = PBXFileReference; lastKnownFileType = sourcecode.swift; path = ItemDetailViewController.swift; sourceTree = "<group>"; };
		1AAC5EFE291B833A001CB9E2 /* InsuranceDetailViewController.swift */ = {isa = PBXFileReference; lastKnownFileType = sourcecode.swift; path = InsuranceDetailViewController.swift; sourceTree = "<group>"; };
		1AAC5F01291B8378001CB9E2 /* InsuranceEditViewController.swift */ = {isa = PBXFileReference; lastKnownFileType = sourcecode.swift; path = InsuranceEditViewController.swift; sourceTree = "<group>"; };
		1AAC5F03291B8390001CB9E2 /* AddAndEditCarViewController.swift */ = {isa = PBXFileReference; lastKnownFileType = sourcecode.swift; path = AddAndEditCarViewController.swift; sourceTree = "<group>"; };
		1AAC5F10291BC3FA001CB9E2 /* InsuranceCell.swift */ = {isa = PBXFileReference; lastKnownFileType = sourcecode.swift; path = InsuranceCell.swift; sourceTree = "<group>"; };
		1AAC5F12291BC47D001CB9E2 /* SettingCell.swift */ = {isa = PBXFileReference; lastKnownFileType = sourcecode.swift; path = SettingCell.swift; sourceTree = "<group>"; };
		1AAC5F14291BC4DA001CB9E2 /* ItemDetailCell.swift */ = {isa = PBXFileReference; lastKnownFileType = sourcecode.swift; path = ItemDetailCell.swift; sourceTree = "<group>"; };
		1AB7892F29C6F6C800414A03 /* InsuranceCorp.swift */ = {isa = PBXFileReference; lastKnownFileType = sourcecode.swift; path = InsuranceCorp.swift; sourceTree = "<group>"; };
		1ACD85F229AF659A000D83A4 /* EnumList.swift */ = {isa = PBXFileReference; lastKnownFileType = sourcecode.swift; path = EnumList.swift; sourceTree = "<group>"; };
		1ACD85F429B09B19000D83A4 /* CarInfoDAO.swift */ = {isa = PBXFileReference; lastKnownFileType = sourcecode.swift; path = CarInfoDAO.swift; sourceTree = "<group>"; };
		1AF6C2F329110E720046DC6B /* myCarport.app */ = {isa = PBXFileReference; explicitFileType = wrapper.application; includeInIndex = 0; path = myCarport.app; sourceTree = BUILT_PRODUCTS_DIR; };
		1AF6C2F629110E720046DC6B /* AppDelegate.swift */ = {isa = PBXFileReference; lastKnownFileType = sourcecode.swift; path = AppDelegate.swift; sourceTree = "<group>"; };
		1AF6C2F829110E720046DC6B /* SceneDelegate.swift */ = {isa = PBXFileReference; lastKnownFileType = sourcecode.swift; path = SceneDelegate.swift; sourceTree = "<group>"; };
		1AF6C2FA29110E720046DC6B /* HomeViewController.swift */ = {isa = PBXFileReference; indentWidth = 4; lastKnownFileType = sourcecode.swift; path = HomeViewController.swift; sourceTree = "<group>"; tabWidth = 4; };
		1AF6C2FD29110E720046DC6B /* Base */ = {isa = PBXFileReference; lastKnownFileType = file.storyboard; name = Base; path = Base.lproj/Main.storyboard; sourceTree = "<group>"; };
		1AF6C30029110E720046DC6B /* myCarport.xcdatamodel */ = {isa = PBXFileReference; lastKnownFileType = wrapper.xcdatamodel; path = myCarport.xcdatamodel; sourceTree = "<group>"; };
		1AF6C30229110E730046DC6B /* Assets.xcassets */ = {isa = PBXFileReference; lastKnownFileType = folder.assetcatalog; path = Assets.xcassets; sourceTree = "<group>"; };
		1AF6C30529110E730046DC6B /* Base */ = {isa = PBXFileReference; lastKnownFileType = file.storyboard; name = Base; path = Base.lproj/LaunchScreen.storyboard; sourceTree = "<group>"; };
		1AF6C30729110E730046DC6B /* Info.plist */ = {isa = PBXFileReference; lastKnownFileType = text.plist.xml; path = Info.plist; sourceTree = "<group>"; };
		1AF6C311291134350046DC6B /* HomeTableViewCell.swift */ = {isa = PBXFileReference; lastKnownFileType = sourcecode.swift; path = HomeTableViewCell.swift; sourceTree = "<group>"; };
		1AF6C3132911FCD30046DC6B /* CarInfo.swift */ = {isa = PBXFileReference; lastKnownFileType = sourcecode.swift; path = CarInfo.swift; sourceTree = "<group>"; };
		1AF6C316291243530046DC6B /* HomeCollectionViewCell.swift */ = {isa = PBXFileReference; lastKnownFileType = sourcecode.swift; path = HomeCollectionViewCell.swift; sourceTree = "<group>"; };
/* End PBXFileReference section */

/* Begin PBXFrameworksBuildPhase section */
		1AF6C2F029110E720046DC6B /* Frameworks */ = {
			isa = PBXFrameworksBuildPhase;
			buildActionMask = 2147483647;
			files = (
				1AAC5EEC291A41FF001CB9E2 /* SnapKit in Frameworks */,
			);
			runOnlyForDeploymentPostprocessing = 0;
		};
/* End PBXFrameworksBuildPhase section */

/* Begin PBXGroup section */
		1A624B0629404CD400BC2876 /* InsuranceScenes */ = {
			isa = PBXGroup;
			children = (
				1AAC5EFE291B833A001CB9E2 /* InsuranceDetailViewController.swift */,
				1AAC5F10291BC3FA001CB9E2 /* InsuranceCell.swift */,
				1AAC5F01291B8378001CB9E2 /* InsuranceEditViewController.swift */,
			);
			path = InsuranceScenes;
			sourceTree = "<group>";
		};
		1A624B0729404CED00BC2876 /* ItemsScenes */ = {
			isa = PBXGroup;
			children = (
				1AAC5EFC291B831F001CB9E2 /* ItemDetailViewController.swift */,
				1AAC5F14291BC4DA001CB9E2 /* ItemDetailCell.swift */,
				1A624A9A293E000500BC2876 /* ItemListTableController.swift */,
				1A624A9C293E021300BC2876 /* ItemListCell.swift */,
			);
			path = ItemsScenes;
			sourceTree = "<group>";
		};
		1A624B082940524D00BC2876 /* AddAndEditCarScenes */ = {
			isa = PBXGroup;
			children = (
				1AAC5F03291B8390001CB9E2 /* AddAndEditCarViewController.swift */,
				1A624A98293CADD600BC2876 /* CorpNameCell.swift */,
			);
			path = AddAndEditCarScenes;
			sourceTree = "<group>";
		};
		1A6E43A2292F8E2400D0873B /* Extension */ = {
			isa = PBXGroup;
			children = (
				1A6E43A3292F8E3C00D0873B /* ColorExtension.swift */,
			);
			path = Extension;
			sourceTree = "<group>";
		};
		1AAC5EED291A49A8001CB9E2 /* CustomView */ = {
			isa = PBXGroup;
			children = (
				1AAC5EEE291A49DF001CB9E2 /* CustomLabel.swift */,
			);
			path = CustomView;
			sourceTree = "<group>";
		};
		1AAC5EF8291B7EB9001CB9E2 /* HomeScenes */ = {
			isa = PBXGroup;
			children = (
				1AF6C2FA29110E720046DC6B /* HomeViewController.swift */,
				1AF6C311291134350046DC6B /* HomeTableViewCell.swift */,
				1AF6C316291243530046DC6B /* HomeCollectionViewCell.swift */,
			);
			path = HomeScenes;
			sourceTree = "<group>";
		};
		1AAC5EF9291B7EBE001CB9E2 /* SettingView */ = {
			isa = PBXGroup;
			children = (
				1AAC5EF6291B7EB3001CB9E2 /* SettingViewController.swift */,
				1AAC5F12291BC47D001CB9E2 /* SettingCell.swift */,
				1AAC5EFA291B7F51001CB9E2 /* SignAndLoginViewController.swift */,
			);
			path = SettingView;
			sourceTree = "<group>";
		};
		1AAC5F00291B833E001CB9E2 /* DetailView */ = {
			isa = PBXGroup;
			children = (
				1A624B0629404CD400BC2876 /* InsuranceScenes */,
				1A624B0729404CED00BC2876 /* ItemsScenes */,
			);
			path = DetailView;
			sourceTree = "<group>";
		};
		1AF6C2EA29110E720046DC6B = {
			isa = PBXGroup;
			children = (
				1AF6C2F529110E720046DC6B /* myCarport */,
				1AF6C2F429110E720046DC6B /* Products */,
			);
			sourceTree = "<group>";
		};
		1AF6C2F429110E720046DC6B /* Products */ = {
			isa = PBXGroup;
			children = (
				1AF6C2F329110E720046DC6B /* myCarport.app */,
			);
			name = Products;
			sourceTree = "<group>";
		};
		1AF6C2F529110E720046DC6B /* myCarport */ = {
			isa = PBXGroup;
			children = (
				1AF6C2F629110E720046DC6B /* AppDelegate.swift */,
				1AF6C2F829110E720046DC6B /* SceneDelegate.swift */,
				1AF6C2FC29110E720046DC6B /* Main.storyboard */,
				1AF6C30D291117BF0046DC6B /* Scenes */,
				1AF6C3152911FCDA0046DC6B /* Model */,
				1AAC5EED291A49A8001CB9E2 /* CustomView */,
				1A6E43A2292F8E2400D0873B /* Extension */,
				1AF6C30229110E730046DC6B /* Assets.xcassets */,
				1AF6C30429110E730046DC6B /* LaunchScreen.storyboard */,
				1AF6C30729110E730046DC6B /* Info.plist */,
				1AF6C2FF29110E720046DC6B /* myCarport.xcdatamodeld */,
			);
			path = myCarport;
			sourceTree = "<group>";
		};
		1AF6C30D291117BF0046DC6B /* Scenes */ = {
			isa = PBXGroup;
			children = (
				1AAC5EF8291B7EB9001CB9E2 /* HomeScenes */,
				1A624B082940524D00BC2876 /* AddAndEditCarScenes */,
				1AAC5EF9291B7EBE001CB9E2 /* SettingView */,
				1AAC5F00291B833E001CB9E2 /* DetailView */,
			);
			path = Scenes;
			sourceTree = "<group>";
		};
		1AF6C3152911FCDA0046DC6B /* Model */ = {
			isa = PBXGroup;
			children = (
				1AF6C3132911FCD30046DC6B /* CarInfo.swift */,
				1A7FDB632924F09600474DB3 /* Insurance.swift */,
				1A7FDB612924EF7300474DB3 /* Maintenance.swift */,
				1AB7892F29C6F6C800414A03 /* InsuranceCorp.swift */,
				1ACD85F429B09B19000D83A4 /* CarInfoDAO.swift */,
				1A624A962938322800BC2876 /* Funcs.swift */,
				1ACD85F229AF659A000D83A4 /* EnumList.swift */,
				1A5F047829B7141100A0AD04 /* Protocols.swift */,
			);
			path = Model;
			sourceTree = "<group>";
		};
/* End PBXGroup section */

/* Begin PBXNativeTarget section */
		1AF6C2F229110E720046DC6B /* myCarport */ = {
			isa = PBXNativeTarget;
			buildConfigurationList = 1AF6C30A29110E730046DC6B /* Build configuration list for PBXNativeTarget "myCarport" */;
			buildPhases = (
				1AF6C2EF29110E720046DC6B /* Sources */,
				1AF6C2F029110E720046DC6B /* Frameworks */,
				1AF6C2F129110E720046DC6B /* Resources */,
			);
			buildRules = (
			);
			dependencies = (
			);
			name = myCarport;
			packageProductDependencies = (
				1AAC5EEB291A41FF001CB9E2 /* SnapKit */,
			);
			productName = myCarport;
			productReference = 1AF6C2F329110E720046DC6B /* myCarport.app */;
			productType = "com.apple.product-type.application";
		};
/* End PBXNativeTarget section */

/* Begin PBXProject section */
		1AF6C2EB29110E720046DC6B /* Project object */ = {
			isa = PBXProject;
			attributes = {
				BuildIndependentTargetsInParallel = 1;
				LastSwiftUpdateCheck = 1400;
				LastUpgradeCheck = 1400;
				TargetAttributes = {
					1AF6C2F229110E720046DC6B = {
						CreatedOnToolsVersion = 14.0.1;
					};
				};
			};
			buildConfigurationList = 1AF6C2EE29110E720046DC6B /* Build configuration list for PBXProject "myCarport" */;
			compatibilityVersion = "Xcode 14.0";
			developmentRegion = en;
			hasScannedForEncodings = 0;
			knownRegions = (
				en,
				Base,
			);
			mainGroup = 1AF6C2EA29110E720046DC6B;
			packageReferences = (
				1AAC5EEA291A41FF001CB9E2 /* XCRemoteSwiftPackageReference "SnapKit" */,
			);
			productRefGroup = 1AF6C2F429110E720046DC6B /* Products */;
			projectDirPath = "";
			projectRoot = "";
			targets = (
				1AF6C2F229110E720046DC6B /* myCarport */,
			);
		};
/* End PBXProject section */

/* Begin PBXResourcesBuildPhase section */
		1AF6C2F129110E720046DC6B /* Resources */ = {
			isa = PBXResourcesBuildPhase;
			buildActionMask = 2147483647;
			files = (
				1AF6C30629110E730046DC6B /* LaunchScreen.storyboard in Resources */,
				1AF6C30329110E730046DC6B /* Assets.xcassets in Resources */,
				1AF6C2FE29110E720046DC6B /* Main.storyboard in Resources */,
			);
			runOnlyForDeploymentPostprocessing = 0;
		};
/* End PBXResourcesBuildPhase section */

/* Begin PBXSourcesBuildPhase section */
		1AF6C2EF29110E720046DC6B /* Sources */ = {
			isa = PBXSourcesBuildPhase;
			buildActionMask = 2147483647;
			files = (
				1A624A9D293E021300BC2876 /* ItemListCell.swift in Sources */,
				1AAC5EFF291B833A001CB9E2 /* InsuranceDetailViewController.swift in Sources */,
				1AF6C317291243530046DC6B /* HomeCollectionViewCell.swift in Sources */,
				1AAC5F11291BC3FA001CB9E2 /* InsuranceCell.swift in Sources */,
				1A624A9B293E000500BC2876 /* ItemListTableController.swift in Sources */,
				1A624A972938322800BC2876 /* Funcs.swift in Sources */,
				1A7FDB622924EF7300474DB3 /* Maintenance.swift in Sources */,
				1AF6C2FB29110E720046DC6B /* HomeViewController.swift in Sources */,
				1AF6C312291134350046DC6B /* HomeTableViewCell.swift in Sources */,
				1AF6C2F729110E720046DC6B /* AppDelegate.swift in Sources */,
				1AF6C2F929110E720046DC6B /* SceneDelegate.swift in Sources */,
				1AB7893029C6F6C800414A03 /* InsuranceCorp.swift in Sources */,
				1AAC5EF7291B7EB3001CB9E2 /* SettingViewController.swift in Sources */,
				1A5F047929B7141100A0AD04 /* Protocols.swift in Sources */,
				1AAC5F13291BC47D001CB9E2 /* SettingCell.swift in Sources */,
				1AAC5F15291BC4DA001CB9E2 /* ItemDetailCell.swift in Sources */,
				1A624A99293CADD600BC2876 /* CorpNameCell.swift in Sources */,
				1AAC5F04291B8390001CB9E2 /* AddAndEditCarViewController.swift in Sources */,
				1ACD85F329AF659A000D83A4 /* EnumList.swift in Sources */,
				1A7FDB642924F09600474DB3 /* Insurance.swift in Sources */,
				1AAC5EEF291A49DF001CB9E2 /* CustomLabel.swift in Sources */,
				1AF6C3142911FCD30046DC6B /* CarInfo.swift in Sources */,
				1AAC5F02291B8378001CB9E2 /* InsuranceEditViewController.swift in Sources */,
				1ACD85F529B09B19000D83A4 /* CarInfoDAO.swift in Sources */,
				1AAC5EFD291B831F001CB9E2 /* ItemDetailViewController.swift in Sources */,
				1AAC5EFB291B7F51001CB9E2 /* SignAndLoginViewController.swift in Sources */,
				1AF6C30129110E720046DC6B /* myCarport.xcdatamodeld in Sources */,
				1A6E43A4292F8E3C00D0873B /* ColorExtension.swift in Sources */,
			);
			runOnlyForDeploymentPostprocessing = 0;
		};
/* End PBXSourcesBuildPhase section */

/* Begin PBXVariantGroup section */
		1AF6C2FC29110E720046DC6B /* Main.storyboard */ = {
			isa = PBXVariantGroup;
			children = (
				1AF6C2FD29110E720046DC6B /* Base */,
			);
			name = Main.storyboard;
			sourceTree = "<group>";
		};
		1AF6C30429110E730046DC6B /* LaunchScreen.storyboard */ = {
			isa = PBXVariantGroup;
			children = (
				1AF6C30529110E730046DC6B /* Base */,
			);
			name = LaunchScreen.storyboard;
			sourceTree = "<group>";
		};
/* End PBXVariantGroup section */

/* Begin XCBuildConfiguration section */
		1AF6C30829110E730046DC6B /* Debug */ = {
			isa = XCBuildConfiguration;
			buildSettings = {
				ALWAYS_SEARCH_USER_PATHS = NO;
				CLANG_ANALYZER_NONNULL = YES;
				CLANG_ANALYZER_NUMBER_OBJECT_CONVERSION = YES_AGGRESSIVE;
				CLANG_CXX_LANGUAGE_STANDARD = "gnu++20";
				CLANG_ENABLE_MODULES = YES;
				CLANG_ENABLE_OBJC_ARC = YES;
				CLANG_ENABLE_OBJC_WEAK = YES;
				CLANG_WARN_BLOCK_CAPTURE_AUTORELEASING = YES;
				CLANG_WARN_BOOL_CONVERSION = YES;
				CLANG_WARN_COMMA = YES;
				CLANG_WARN_CONSTANT_CONVERSION = YES;
				CLANG_WARN_DEPRECATED_OBJC_IMPLEMENTATIONS = YES;
				CLANG_WARN_DIRECT_OBJC_ISA_USAGE = YES_ERROR;
				CLANG_WARN_DOCUMENTATION_COMMENTS = YES;
				CLANG_WARN_EMPTY_BODY = YES;
				CLANG_WARN_ENUM_CONVERSION = YES;
				CLANG_WARN_INFINITE_RECURSION = YES;
				CLANG_WARN_INT_CONVERSION = YES;
				CLANG_WARN_NON_LITERAL_NULL_CONVERSION = YES;
				CLANG_WARN_OBJC_IMPLICIT_RETAIN_SELF = YES;
				CLANG_WARN_OBJC_LITERAL_CONVERSION = YES;
				CLANG_WARN_OBJC_ROOT_CLASS = YES_ERROR;
				CLANG_WARN_QUOTED_INCLUDE_IN_FRAMEWORK_HEADER = YES;
				CLANG_WARN_RANGE_LOOP_ANALYSIS = YES;
				CLANG_WARN_STRICT_PROTOTYPES = YES;
				CLANG_WARN_SUSPICIOUS_MOVE = YES;
				CLANG_WARN_UNGUARDED_AVAILABILITY = YES_AGGRESSIVE;
				CLANG_WARN_UNREACHABLE_CODE = YES;
				CLANG_WARN__DUPLICATE_METHOD_MATCH = YES;
				COPY_PHASE_STRIP = NO;
				DEBUG_INFORMATION_FORMAT = dwarf;
				ENABLE_STRICT_OBJC_MSGSEND = YES;
				ENABLE_TESTABILITY = YES;
				GCC_C_LANGUAGE_STANDARD = gnu11;
				GCC_DYNAMIC_NO_PIC = NO;
				GCC_NO_COMMON_BLOCKS = YES;
				GCC_OPTIMIZATION_LEVEL = 0;
				GCC_PREPROCESSOR_DEFINITIONS = (
					"DEBUG=1",
					"$(inherited)",
				);
				GCC_WARN_64_TO_32_BIT_CONVERSION = YES;
				GCC_WARN_ABOUT_RETURN_TYPE = YES_ERROR;
				GCC_WARN_UNDECLARED_SELECTOR = YES;
				GCC_WARN_UNINITIALIZED_AUTOS = YES_AGGRESSIVE;
				GCC_WARN_UNUSED_FUNCTION = YES;
				GCC_WARN_UNUSED_VARIABLE = YES;
				IPHONEOS_DEPLOYMENT_TARGET = 16.0;
				MTL_ENABLE_DEBUG_INFO = INCLUDE_SOURCE;
				MTL_FAST_MATH = YES;
				ONLY_ACTIVE_ARCH = YES;
				SDKROOT = iphoneos;
				SWIFT_ACTIVE_COMPILATION_CONDITIONS = DEBUG;
				SWIFT_OPTIMIZATION_LEVEL = "-Onone";
			};
			name = Debug;
		};
		1AF6C30929110E730046DC6B /* Release */ = {
			isa = XCBuildConfiguration;
			buildSettings = {
				ALWAYS_SEARCH_USER_PATHS = NO;
				CLANG_ANALYZER_NONNULL = YES;
				CLANG_ANALYZER_NUMBER_OBJECT_CONVERSION = YES_AGGRESSIVE;
				CLANG_CXX_LANGUAGE_STANDARD = "gnu++20";
				CLANG_ENABLE_MODULES = YES;
				CLANG_ENABLE_OBJC_ARC = YES;
				CLANG_ENABLE_OBJC_WEAK = YES;
				CLANG_WARN_BLOCK_CAPTURE_AUTORELEASING = YES;
				CLANG_WARN_BOOL_CONVERSION = YES;
				CLANG_WARN_COMMA = YES;
				CLANG_WARN_CONSTANT_CONVERSION = YES;
				CLANG_WARN_DEPRECATED_OBJC_IMPLEMENTATIONS = YES;
				CLANG_WARN_DIRECT_OBJC_ISA_USAGE = YES_ERROR;
				CLANG_WARN_DOCUMENTATION_COMMENTS = YES;
				CLANG_WARN_EMPTY_BODY = YES;
				CLANG_WARN_ENUM_CONVERSION = YES;
				CLANG_WARN_INFINITE_RECURSION = YES;
				CLANG_WARN_INT_CONVERSION = YES;
				CLANG_WARN_NON_LITERAL_NULL_CONVERSION = YES;
				CLANG_WARN_OBJC_IMPLICIT_RETAIN_SELF = YES;
				CLANG_WARN_OBJC_LITERAL_CONVERSION = YES;
				CLANG_WARN_OBJC_ROOT_CLASS = YES_ERROR;
				CLANG_WARN_QUOTED_INCLUDE_IN_FRAMEWORK_HEADER = YES;
				CLANG_WARN_RANGE_LOOP_ANALYSIS = YES;
				CLANG_WARN_STRICT_PROTOTYPES = YES;
				CLANG_WARN_SUSPICIOUS_MOVE = YES;
				CLANG_WARN_UNGUARDED_AVAILABILITY = YES_AGGRESSIVE;
				CLANG_WARN_UNREACHABLE_CODE = YES;
				CLANG_WARN__DUPLICATE_METHOD_MATCH = YES;
				COPY_PHASE_STRIP = NO;
				DEBUG_INFORMATION_FORMAT = "dwarf-with-dsym";
				ENABLE_NS_ASSERTIONS = NO;
				ENABLE_STRICT_OBJC_MSGSEND = YES;
				GCC_C_LANGUAGE_STANDARD = gnu11;
				GCC_NO_COMMON_BLOCKS = YES;
				GCC_WARN_64_TO_32_BIT_CONVERSION = YES;
				GCC_WARN_ABOUT_RETURN_TYPE = YES_ERROR;
				GCC_WARN_UNDECLARED_SELECTOR = YES;
				GCC_WARN_UNINITIALIZED_AUTOS = YES_AGGRESSIVE;
				GCC_WARN_UNUSED_FUNCTION = YES;
				GCC_WARN_UNUSED_VARIABLE = YES;
				IPHONEOS_DEPLOYMENT_TARGET = 16.0;
				MTL_ENABLE_DEBUG_INFO = NO;
				MTL_FAST_MATH = YES;
				SDKROOT = iphoneos;
				SWIFT_COMPILATION_MODE = wholemodule;
				SWIFT_OPTIMIZATION_LEVEL = "-O";
				VALIDATE_PRODUCT = YES;
			};
			name = Release;
		};
		1AF6C30B29110E730046DC6B /* Debug */ = {
			isa = XCBuildConfiguration;
			buildSettings = {
				ASSETCATALOG_COMPILER_APPICON_NAME = AppIcon;
				ASSETCATALOG_COMPILER_GLOBAL_ACCENT_COLOR_NAME = AccentColor;
				CODE_SIGN_STYLE = Automatic;
				CURRENT_PROJECT_VERSION = 1;
				DEVELOPMENT_TEAM = BAX6K368WN;
				GENERATE_INFOPLIST_FILE = YES;
				INFOPLIST_FILE = myCarport/Info.plist;
				INFOPLIST_KEY_CFBundleDisplayName = "마이카포트";
				INFOPLIST_KEY_LSApplicationCategoryType = "public.app-category.lifestyle";
				INFOPLIST_KEY_UIApplicationSupportsIndirectInputEvents = YES;
				INFOPLIST_KEY_UILaunchStoryboardName = LaunchScreen.storyboard;
				INFOPLIST_KEY_UIMainStoryboardFile = Main;
				INFOPLIST_KEY_UISupportedInterfaceOrientations = UIInterfaceOrientationPortrait;
				INFOPLIST_KEY_UISupportedInterfaceOrientations_iPad = "UIInterfaceOrientationLandscapeLeft UIInterfaceOrientationLandscapeRight UIInterfaceOrientationPortrait UIInterfaceOrientationPortraitUpsideDown";
				IPHONEOS_DEPLOYMENT_TARGET = 14.0;
				LD_RUNPATH_SEARCH_PATHS = (
					"$(inherited)",
					"@executable_path/Frameworks",
				);
				MARKETING_VERSION = 1.0;
				PRODUCT_BUNDLE_IDENTIFIER = yeonhoc5.myCarport;
				PRODUCT_NAME = "$(TARGET_NAME)";
				SUPPORTED_PLATFORMS = "iphoneos iphonesimulator";
				SUPPORTS_MACCATALYST = NO;
				SUPPORTS_MAC_DESIGNED_FOR_IPHONE_IPAD = NO;
				SWIFT_EMIT_LOC_STRINGS = YES;
				SWIFT_VERSION = 5.0;
				TARGETED_DEVICE_FAMILY = 1;
			};
			name = Debug;
		};
		1AF6C30C29110E730046DC6B /* Release */ = {
			isa = XCBuildConfiguration;
			buildSettings = {
				ASSETCATALOG_COMPILER_APPICON_NAME = AppIcon;
				ASSETCATALOG_COMPILER_GLOBAL_ACCENT_COLOR_NAME = AccentColor;
				CODE_SIGN_STYLE = Automatic;
				CURRENT_PROJECT_VERSION = 1;
				DEVELOPMENT_TEAM = BAX6K368WN;
				GENERATE_INFOPLIST_FILE = YES;
				INFOPLIST_FILE = myCarport/Info.plist;
				INFOPLIST_KEY_CFBundleDisplayName = "마이카포트";
				INFOPLIST_KEY_LSApplicationCategoryType = "public.app-category.lifestyle";
				INFOPLIST_KEY_UIApplicationSupportsIndirectInputEvents = YES;
				INFOPLIST_KEY_UILaunchStoryboardName = LaunchScreen.storyboard;
				INFOPLIST_KEY_UIMainStoryboardFile = Main;
				INFOPLIST_KEY_UISupportedInterfaceOrientations = UIInterfaceOrientationPortrait;
				INFOPLIST_KEY_UISupportedInterfaceOrientations_iPad = "UIInterfaceOrientationLandscapeLeft UIInterfaceOrientationLandscapeRight UIInterfaceOrientationPortrait UIInterfaceOrientationPortraitUpsideDown";
				IPHONEOS_DEPLOYMENT_TARGET = 14.0;
				LD_RUNPATH_SEARCH_PATHS = (
					"$(inherited)",
					"@executable_path/Frameworks",
				);
				MARKETING_VERSION = 1.0;
				PRODUCT_BUNDLE_IDENTIFIER = yeonhoc5.myCarport;
				PRODUCT_NAME = "$(TARGET_NAME)";
				SUPPORTED_PLATFORMS = "iphoneos iphonesimulator";
				SUPPORTS_MACCATALYST = NO;
				SUPPORTS_MAC_DESIGNED_FOR_IPHONE_IPAD = NO;
				SWIFT_EMIT_LOC_STRINGS = YES;
				SWIFT_VERSION = 5.0;
				TARGETED_DEVICE_FAMILY = 1;
			};
			name = Release;
		};
/* End XCBuildConfiguration section */

/* Begin XCConfigurationList section */
		1AF6C2EE29110E720046DC6B /* Build configuration list for PBXProject "myCarport" */ = {
			isa = XCConfigurationList;
			buildConfigurations = (
				1AF6C30829110E730046DC6B /* Debug */,
				1AF6C30929110E730046DC6B /* Release */,
			);
			defaultConfigurationIsVisible = 0;
			defaultConfigurationName = Release;
		};
		1AF6C30A29110E730046DC6B /* Build configuration list for PBXNativeTarget "myCarport" */ = {
			isa = XCConfigurationList;
			buildConfigurations = (
				1AF6C30B29110E730046DC6B /* Debug */,
				1AF6C30C29110E730046DC6B /* Release */,
			);
			defaultConfigurationIsVisible = 0;
			defaultConfigurationName = Release;
		};
/* End XCConfigurationList section */

/* Begin XCRemoteSwiftPackageReference section */
		1AAC5EEA291A41FF001CB9E2 /* XCRemoteSwiftPackageReference "SnapKit" */ = {
			isa = XCRemoteSwiftPackageReference;
			repositoryURL = "https://github.com/SnapKit/SnapKit.git";
			requirement = {
				kind = upToNextMajorVersion;
				minimumVersion = 5.0.0;
			};
		};
/* End XCRemoteSwiftPackageReference section */

/* Begin XCSwiftPackageProductDependency section */
		1AAC5EEB291A41FF001CB9E2 /* SnapKit */ = {
			isa = XCSwiftPackageProductDependency;
			package = 1AAC5EEA291A41FF001CB9E2 /* XCRemoteSwiftPackageReference "SnapKit" */;
			productName = SnapKit;
		};
/* End XCSwiftPackageProductDependency section */

/* Begin XCVersionGroup section */
		1AF6C2FF29110E720046DC6B /* myCarport.xcdatamodeld */ = {
			isa = XCVersionGroup;
			children = (
				1AF6C30029110E720046DC6B /* myCarport.xcdatamodel */,
			);
			currentVersion = 1AF6C30029110E720046DC6B /* myCarport.xcdatamodel */;
			path = myCarport.xcdatamodeld;
			sourceTree = "<group>";
			versionGroupType = wrapper.xcdatamodel;
		};
/* End XCVersionGroup section */
	};
	rootObject = 1AF6C2EB29110E720046DC6B /* Project object */;
}
